// !$*UTF8*$!
{
	archiveVersion = 1;
	classes = {
	};
	objectVersion = 46;
	objects = {

/* Begin PBXBuildFile section */
		184527671E5F144D0059B15C /* AppDelegate.swift in Sources */ = {isa = PBXBuildFile; fileRef = 184527661E5F144D0059B15C /* AppDelegate.swift */; };
		184527691E5F144D0059B15C /* ViewController.swift in Sources */ = {isa = PBXBuildFile; fileRef = 184527681E5F144D0059B15C /* ViewController.swift */; };
		1845276C1E5F144D0059B15C /* Main.storyboard in Resources */ = {isa = PBXBuildFile; fileRef = 1845276A1E5F144D0059B15C /* Main.storyboard */; };
		1845276E1E5F144D0059B15C /* Assets.xcassets in Resources */ = {isa = PBXBuildFile; fileRef = 1845276D1E5F144D0059B15C /* Assets.xcassets */; };
		184527711E5F144D0059B15C /* LaunchScreen.storyboard in Resources */ = {isa = PBXBuildFile; fileRef = 1845276F1E5F144D0059B15C /* LaunchScreen.storyboard */; };
/* End PBXBuildFile section */

/* Begin PBXFileReference section */
		184527631E5F144D0059B15C /* DemoTabBarController.app */ = {isa = PBXFileReference; explicitFileType = wrapper.application; includeInIndex = 0; path = DemoTabBarController.app; sourceTree = BUILT_PRODUCTS_DIR; };
		184527661E5F144D0059B15C /* AppDelegate.swift */ = {isa = PBXFileReference; lastKnownFileType = sourcecode.swift; path = AppDelegate.swift; sourceTree = "<group>"; };
		184527681E5F144D0059B15C /* ViewController.swift */ = {isa = PBXFileReference; lastKnownFileType = sourcecode.swift; path = ViewController.swift; sourceTree = "<group>"; };
		1845276B1E5F144D0059B15C /* Base */ = {isa = PBXFileReference; lastKnownFileType = file.storyboard; name = Base; path = Base.lproj/Main.storyboard; sourceTree = "<group>"; };
		1845276D1E5F144D0059B15C /* Assets.xcassets */ = {isa = PBXFileReference; lastKnownFileType = folder.assetcatalog; path = Assets.xcassets; sourceTree = "<group>"; };
		184527701E5F144D0059B15C /* Base */ = {isa = PBXFileReference; lastKnownFileType = file.storyboard; name = Base; path = Base.lproj/LaunchScreen.storyboard; sourceTree = "<group>"; };
		184527721E5F144D0059B15C /* Info.plist */ = {isa = PBXFileReference; lastKnownFileType = text.plist.xml; path = Info.plist; sourceTree = "<group>"; };
/* End PBXFileReference section */

/* Begin PBXFrameworksBuildPhase section */
		184527601E5F144D0059B15C /* Frameworks */ = {
			isa = PBXFrameworksBuildPhase;
			buildActionMask = 2147483647;
			files = (
			);
			runOnlyForDeploymentPostprocessing = 0;
		};
/* End PBXFrameworksBuildPhase section */

/* Begin PBXGroup section */
		1845275A1E5F144D0059B15C = {
			isa = PBXGroup;
			children = (
				184527651E5F144D0059B15C /* DemoTabBarController */,
				184527641E5F144D0059B15C /* Products */,
			);
			sourceTree = "<group>";
		};
		184527641E5F144D0059B15C /* Products */ = {
			isa = PBXGroup;
			children = (
				184527631E5F144D0059B15C /* DemoTabBarController.app */,
			);
			name = Products;
			sourceTree = "<group>";
		};
		184527651E5F144D0059B15C /* DemoTabBarController */ = {
			isa = PBXGroup;
			children = (
				184527661E5F144D0059B15C /* AppDelegate.swift */,
				184527681E5F144D0059B15C /* ViewController.swift */,
				1845276A1E5F144D0059B15C /* Main.storyboard */,
				1845276D1E5F144D0059B15C /* Assets.xcassets */,
				1845276F1E5F144D0059B15C /* LaunchScreen.storyboard */,
				184527721E5F144D0059B15C /* Info.plist */,
			);
			path = DemoTabBarController;
			sourceTree = "<group>";
		};
/* End PBXGroup section */

/* Begin PBXNativeTarget section */
		184527621E5F144D0059B15C /* DemoTabBarController */ = {
			isa = PBXNativeTarget;
			buildConfigurationList = 184527751E5F144D0059B15C /* Build configuration list for PBXNativeTarget "DemoTabBarController" */;
			buildPhases = (
				1845275F1E5F144D0059B15C /* Sources */,
				184527601E5F144D0059B15C /* Frameworks */,
				184527611E5F144D0059B15C /* Resources */,
			);
			buildRules = (
			);
			dependencies = (
			);
			name = DemoTabBarController;
			productName = DemoTabBarController;
			productReference = 184527631E5F144D0059B15C /* DemoTabBarController.app */;
			productType = "com.apple.product-type.application";
		};
/* End PBXNativeTarget section */

/* Begin PBXProject section */
		1845275B1E5F144D0059B15C /* Project object */ = {
			isa = PBXProject;
			attributes = {
				LastSwiftUpdateCheck = 0820;
				LastUpgradeCheck = 0820;
				ORGANIZATIONNAME = DaveVo;
				TargetAttributes = {
					184527621E5F144D0059B15C = {
						CreatedOnToolsVersion = 8.2.1;
						DevelopmentTeam = QCBK6P7M2R;
						ProvisioningStyle = Automatic;
					};
				};
			};
			buildConfigurationList = 1845275E1E5F144D0059B15C /* Build configuration list for PBXProject "DemoTabBarController" */;
			compatibilityVersion = "Xcode 3.2";
			developmentRegion = English;
			hasScannedForEncodings = 0;
			knownRegions = (
				en,
				Base,
			);
			mainGroup = 1845275A1E5F144D0059B15C;
			productRefGroup = 184527641E5F144D0059B15C /* Products */;
			projectDirPath = "";
			projectRoot = "";
			targets = (
				184527621E5F144D0059B15C /* DemoTabBarController */,
			);
		};
/* End PBXProject section */

/* Begin PBXResourcesBuildPhase section */
		184527611E5F144D0059B15C /* Resources */ = {
			isa = PBXResourcesBuildPhase;
			buildActionMask = 2147483647;
			files = (
				184527711E5F144D0059B15C /* LaunchScreen.storyboard in Resources */,
				1845276E1E5F144D0059B15C /* Assets.xcassets in Resources */,
				1845276C1E5F144D0059B15C /* Main.storyboard in Resources */,
			);
			runOnlyForDeploymentPostprocessing = 0;
		};
/* End PBXResourcesBuildPhase section */

/* Begin PBXSourcesBuildPhase section */
		1845275F1E5F144D0059B15C /* Sources */ = {
			isa = PBXSourcesBuildPhase;
			buildActionMask = 2147483647;
			files = (
				184527691E5F144D0059B15C /* ViewController.swift in Sources */,
				184527671E5F144D0059B15C /* AppDelegate.swift in Sources */,
			);
			runOnlyForDeploymentPostprocessing = 0;
		};
/* End PBXSourcesBuildPhase section */

/* Begin PBXVariantGroup section */
		1845276A1E5F144D0059B15C /* Main.storyboard */ = {
			isa = PBXVariantGroup;
			children = (
				1845276B1E5F144D0059B15C /* Base */,
			);
			name = Main.storyboard;
			sourceTree = "<group>";
		};
		1845276F1E5F144D0059B15C /* LaunchScreen.storyboard */ = {
			isa = PBXVariantGroup;
			children = (
				184527701E5F144D0059B15C /* Base */,
			);
			name = LaunchScreen.storyboard;
			sourceTree = "<group>";
		};
/* End PBXVariantGroup section */

/* Begin XCBuildConfiguration section */
		184527731E5F144D0059B15C /* Debug */ = {
			isa = XCBuildConfiguration;
			buildSettings = {
				ALWAYS_SEARCH_USER_PATHS = NO;
				CLANG_ANALYZER_NONNULL = YES;
				CLANG_CXX_LANGUAGE_STANDARD = "gnu++0x";
				CLANG_CXX_LIBRARY = "libc++";
				CLANG_ENABLE_MODULES = YES;
				CLANG_ENABLE_OBJC_ARC = YES;
				CLANG_WARN_BOOL_CONVERSION = YES;
				CLANG_WARN_CONSTANT_CONVERSION = YES;
				CLANG_WARN_DIRECT_OBJC_ISA_USAGE = YES_ERROR;
				CLANG_WARN_DOCUMENTATION_COMMENTS = YES;
				CLANG_WARN_EMPTY_BODY = YES;
				CLANG_WARN_ENUM_CONVERSION = YES;
				CLANG_WARN_INFINITE_RECURSION = YES;
				CLANG_WARN_INT_CONVERSION = YES;
				CLANG_WARN_OBJC_ROOT_CLASS = YES_ERROR;
				CLANG_WARN_SUSPICIOUS_MOVE = YES;
				CLANG_WARN_UNREACHABLE_CODE = YES;
				CLANG_WARN__DUPLICATE_METHOD_MATCH = YES;
				"CODE_SIGN_IDENTITY[sdk=iphoneos*]" = "iPhone Developer";
				COPY_PHASE_STRIP = NO;
				DEBUG_INFORMATION_FORMAT = dwarf;
				ENABLE_STRICT_OBJC_MSGSEND = YES;
				ENABLE_TESTABILITY = YES;
				GCC_C_LANGUAGE_STANDARD = gnu99;
				GCC_DYNAMIC_NO_PIC = NO;
				GCC_NO_COMMON_BLOCKS = YES;
				GCC_OPTIMIZATION_LEVEL = 0;
				GCC_PREPROCESSOR_DEFINITIONS = (
					"DEBUG=1",
					"$(inherited)",
				);
				GCC_WARN_64_TO_32_BIT_CONVERSION = YES;
				GCC_WARN_ABOUT_RETURN_TYPE = YES_ERROR;
				GCC_WARN_UNDECLARED_SELECTOR = YES;
				GCC_WARN_UNINITIALIZED_AUTOS = YES_AGGRESSIVE;
				GCC_WARN_UNUSED_FUNCTION = YES;
				GCC_WARN_UNUSED_VARIABLE = YES;
				IPHONEOS_DEPLOYMENT_TARGET = 10.2;
				MTL_ENABLE_DEBUG_INFO = YES;
				ONLY_ACTIVE_ARCH = YES;
				SDKROOT = iphoneos;
				SWIFT_ACTIVE_COMPILATION_CONDITIONS = DEBUG;
				SWIFT_OPTIMIZATION_LEVEL = "-Onone";
			};
			name = Debug;
		};
		184527741E5F144D0059B15C /* Release */ = {
			isa = XCBuildConfiguration;
			buildSettings = {
				ALWAYS_SEARCH_USER_PATHS = NO;
				CLANG_ANALYZER_NONNULL = YES;
				CLANG_CXX_LANGUAGE_STANDARD = "gnu++0x";
				CLANG_CXX_LIBRARY = "libc++";
				CLANG_ENABLE_MODULES = YES;
				CLANG_ENABLE_OBJC_ARC = YES;
				CLANG_WARN_BOOL_CONVERSION = YES;
				CLANG_WARN_CONSTANT_CONVERSION = YES;
				CLANG_WARN_DIRECT_OBJC_ISA_USAGE = YES_ERROR;
				CLANG_WARN_DOCUMENTATION_COMMENTS = YES;
				CLANG_WARN_EMPTY_BODY = YES;
				CLANG_WARN_ENUM_CONVERSION = YES;
				CLANG_WARN_INFINITE_RECURSION = YES;
				CLANG_WARN_INT_CONVERSION = YES;
				CLANG_WARN_OBJC_ROOT_CLASS = YES_ERROR;
				CLANG_WARN_SUSPICIOUS_MOVE = YES;
				CLANG_WARN_UNREACHABLE_CODE = YES;
				CLANG_WARN__DUPLICATE_METHOD_MATCH = YES;
				"CODE_SIGN_IDENTITY[sdk=iphoneos*]" = "iPhone Developer";
				COPY_PHASE_STRIP = NO;
				DEBUG_INFORMATION_FORMAT = "dwarf-with-dsym";
				ENABLE_NS_ASSERTIONS = NO;
				ENABLE_STRICT_OBJC_MSGSEND = YES;
				GCC_C_LANGUAGE_STANDARD = gnu99;
				GCC_NO_COMMON_BLOCKS = YES;
				GCC_WARN_64_TO_32_BIT_CONVERSION = YES;
				GCC_WARN_ABOUT_RETURN_TYPE = YES_ERROR;
				GCC_WARN_UNDECLARED_SELECTOR = YES;
				GCC_WARN_UNINITIALIZED_AUTOS = YES_AGGRESSIVE;
				GCC_WARN_UNUSED_FUNCTION = YES;
				GCC_WARN_UNUSED_VARIABLE = YES;
				IPHONEOS_DEPLOYMENT_TARGET = 10.2;
				MTL_ENABLE_DEBUG_INFO = NO;
				SDKROOT = iphoneos;
				SWIFT_OPTIMIZATION_LEVEL = "-Owholemodule";
				VALIDATE_PRODUCT = YES;
			};
			name = Release;
		};
		184527761E5F144D0059B15C /* Debug */ = {
			isa = XCBuildConfiguration;
			buildSettings = {
				ASSETCATALOG_COMPILER_APPICON_NAME = AppIcon;
				DEVELOPMENT_TEAM = QCBK6P7M2R;
				INFOPLIST_FILE = DemoTabBarController/Info.plist;
				LD_RUNPATH_SEARCH_PATHS = "$(inherited) @executable_path/Frameworks";
				PRODUCT_BUNDLE_IDENTIFIER = com.drm.DemoTabBarController;
				PRODUCT_NAME = "$(TARGET_NAME)";
				SWIFT_VERSION = 3.0;
			};
			name = Debug;
		};
		184527771E5F144D0059B15C /* Release */ = {
			isa = XCBuildConfiguration;
			buildSettings = {
				ASSETCATALOG_COMPILER_APPICON_NAME = AppIcon;
				DEVELOPMENT_TEAM = QCBK6P7M2R;
				INFOPLIST_FILE = DemoTabBarController/Info.plist;
				LD_RUNPATH_SEARCH_PATHS = "$(inherited) @executable_path/Frameworks";
				PRODUCT_BUNDLE_IDENTIFIER = com.drm.DemoTabBarController;
				PRODUCT_NAME = "$(TARGET_NAME)";
				SWIFT_VERSION = 3.0;
			};
			name = Release;
		};
/* End XCBuildConfiguration section */

/* Begin XCConfigurationList section */
		1845275E1E5F144D0059B15C /* Build configuration list for PBXProject "DemoTabBarController" */ = {
			isa = XCConfigurationList;
			buildConfigurations = (
				184527731E5F144D0059B15C /* Debug */,
				184527741E5F144D0059B15C /* Release */,
			);
			defaultConfigurationIsVisible = 0;
			defaultConfigurationName = Release;
		};
		184527751E5F144D0059B15C /* Build configuration list for PBXNativeTarget "DemoTabBarController" */ = {
			isa = XCConfigurationList;
			buildConfigurations = (
				184527761E5F144D0059B15C /* Debug */,
				184527771E5F144D0059B15C /* Release */,
			);
			defaultConfigurationIsVisible = 0;
		};
/* End XCConfigurationList section */
	};
	rootObject = 1845275B1E5F144D0059B15C /* Project object */;
}
